{"1.2.0",
[{<<"ddskerl">>,{pkg,<<"ddskerl">>,<<"0.4.3">>},1},
 {<<"hamcrest">>,
  {git,"https://github.com/basho/hamcrest-erlang.git",
       {ref,"ad3dbab419762fc2d5821abb88b989da006b85c6"}},
  2},
 {<<"prometheus">>,{pkg,<<"prometheus">>,<<"6.1.2">>},0},
 {<<"riak_pb">>,
  {git,"https://github.com/basho/riak_pb",
       {ref,"08771aba2ce4935b715d32d1b92555efdc3da994"}},
  1},
 {<<"riakc">>,
  {git,"https://github.com/kivra/riak-erlang-client.git",
       {ref,"9773e1582bb7af16d1b4e45a946d40cc42bf38bd"}},
  0},
 {<<"stdlib2">>,
  {git,"https://github.com/kivra/stdlib2.git",
       {ref,"f5fdd13de0f02d7b1f9482133a7e4bf8cce14974"}},
  0},
 {<<"telemetry">>,{pkg,<<"telemetry">>,<<"1.3.0">>},0}]}.
[
{pkg_hash,[
 {<<"ddskerl">>, <<"BB97B90EEF1B5906520CEBDD38DA29B18A770B5567F6297927F53566EAE9BEBB">>},
 {<<"prometheus">>, <<"E5C3C567CD8B0994425920763405635211183C15BDC47D0CD524807DDE20CA1D">>},
 {<<"telemetry">>, <<"FEDEBBAE410D715CF8E7062C96A1EF32EC22E764197F70CDA73D82778D61E7A2">>}]},
{pkg_hash_ext,[
 {<<"ddskerl">>, <<"4E0F6047C6A002CE38F6EA155276DD918CD635FD0A5EDB9E0B46AEB6F7AFF2C2">>},
 {<<"prometheus">>, <<"109662001328112B860DE112D49B575310BE8FF33FE04BF0482EEC4B1E5A1278">>},
 {<<"telemetry">>, <<"7015FC8919DBE63764F4B4B87A95B7C0996BD539E0D499BE6EC9D7F3875B79E6">>}]}
].
